PODS:
  - Alamofire (4.9.1)
  - lottie-ios (3.2.3)
  - ReachabilitySwift (5.0.0)
  - SDWebImage (5.21.0):
    - SDWebImage/Core (= 5.21.0)
  - SDWebImage/Core (5.21.0)
  - Shimmer (1.0.2)

DEPENDENCIES:
  - Alamofire
  - lottie-ios
  - ReachabilitySwift
  - SDWebImage (~> 5.0)
  - Shimmer

SPEC REPOS:
  trunk:
    - Alamofire
    - lottie-ios
    - ReachabilitySwift
    - SDWebImage
    - Shimmer

SPEC CHECKSUMS:
  Alamofire: 85e8a02c69d6020a0d734f6054870d7ecb75cf18
  lottie-ios: c058aeafa76daa4cf64d773554bccc8385d0150e
  ReachabilitySwift: 985039c6f7b23a1da463388634119492ff86c825
  SDWebImage: f84b0feeb08d2d11e6a9b843cb06d75ebf5b8868
  Shimmer: c5374be1c2b0c9e292fb05b339a513cf291cac86

PODFILE CHECKSUM: 687950160a220b225d6ff229c1c3c01ccd27cff7

COCOAPODS: 1.16.2
